
Microsoft Visual Studio Solution File, Format Version 12.00
# Visual Studio Version 17
VisualStudioVersion = 17.0.31919.166
MinimumVisualStudioVersion = 10.0.40219.1
Project("{9A19103F-16F7-4668-BE54-9A1E7A4F7556}") = "AdruinoRead", "Adruino Read\AdruinoRead.csproj", "{C2628D20-D113-4C46-B49F-9A6AD8F890C2}"
EndProject
Global
	GlobalSection(SolutionConfigurationPlatforms) = preSolution
		Debug|Any CPU = Debug|Any CPU
		Release|Any CPU = Release|Any CPU
	EndGlobalSection
	GlobalSection(ProjectConfigurationPlatforms) = postSolution
		{C2628D20-D113-4C46-B49F-9A6AD8F890C2}.Debug|Any CPU.ActiveCfg = Debug|Any CPU
		{C2628D20-D113-4C46-B49F-9A6AD8F890C2}.Debug|Any CPU.Build.0 = Debug|Any CPU
		{C2628D20-D113-4C46-B49F-9A6AD8F890C2}.Release|Any CPU.ActiveCfg = Release|Any CPU
		{C2628D20-D113-4C46-B49F-9A6AD8F890C2}.Release|Any CPU.Build.0 = Release|Any CPU
	EndGlobalSection
	GlobalSection(SolutionProperties) = preSolution
		HideSolutionNode = FALSE
	EndGlobalSection
	GlobalSection(ExtensibilityGlobals) = postSolution
		SolutionGuid = {AC941796-96C1-49DD-99E0-0F153118C395}
	EndGlobalSection
EndGlobal
